lockfileVersion: '9.0'

settings:
  autoInstallPeers: true
  excludeLinksFromLockfile: false

importers:

  .:
    dependencies:
      element-plus:
        specifier: ^2.8.0
        version: 2.14.5(vue@3.5.41(typescript@5.6.2))
      vue:
        specifier: ^3.5.0
        version: 3.5.41(typescript@5.6.2)
      vue-router:
        specifier: ^4.4.0
        version: 4.6.4(vue@3.5.41(typescript@5.6.2))
    devDependencies:
      '@vitejs/plugin-vue':
        specifier: ^5.1.0
        version: 5.1.0(vite@5.4.0)(vue@3.5.41(typescript@5.6.2))
      typescript:
        specifier: ^5.6.0
        version: 5.6.2
      vite:
        specifier: ^5.4.0
        version: 5.4.0
      vitest:
        specifier: ^2.1.0
        version: 2.1.0
      vue-tsc:
        specifier: ^2.1.0
        version: 2.1.0(typescript@5.6.2)

packages:

  '@babel/helper-string-parser@7.29.7':
    resolution: {integrity: sha512-Pb5ijPrZ89GDH8223L4UP8i6QApWxs04RbPQJTeWDV0/keR2E36MeKnyr6LYmUUvqRRI+Iv87SuF1W6ErINzYw==}
    engines: {node: '>=6.9.0'}

  '@babel/helper-validator-identifier@7.29.7':
    resolution: {integrity: sha512-qehxGkRj55h/ff8EMaJ+cYhyaKlHIxqYDn682wQD7RNp9UujOQsHog2uS0r2vzr4pW+sXf90NeeayjcNaX3fFg==}
    engines: {node: '>=6.9.0'}

  '@babel/parser@7.29.8':
    resolution: {integrity: sha512-E8lTAYNB1KW+FH+VGJuZM1ioAx2E6oVlvQFRrf5P8ZZmsiJXYAD9vTFV7yyEURNzgh1dFqMZuO6tUwcARbqFCA==}
    engines: {node: '>=6.0.0'}
    hasBin: true

  '@babel/types@7.29.8':
    resolution: {integrity: sha512-Vj1jF3cPfxg7OAfoI7QnVKLoILlm2JF9pnVHrX8qx7AHMiYWT+NDAA7jChlNgRS4WTLc/fD1lXLmPixluj+3Gg==}
    engines: {node: '>=6.9.0'}

  '@ctrl/tinycolor@4.2.0':
    resolution: {integrity: sha512-kzyuwOAQnXJNLS9PSyrk0CWk35nWJW/zl/6KvnTBMFK65gm7U1/Z5BqjxeapjZCIhQcM/DsrEmcbRwDyXyXK4A==}
    engines: {node: '>=14'}

  '@element-plus/icons-vue@2.3.2':
    resolution: {integrity: sha512-OzIuTaIfC8QXEPmJvB4Y4kw34rSXdCJzxcD1kFStBvr8bK6X1zQAYDo0CNMjojnfTqRQCJ0I7prlErcoRiET2A==}
    peerDependencies:
      vue: ^3.2.0

  '@esbuild/aix-ppc64@0.21.3':
    resolution: {integrity: sha512-yTgnwQpFVYfvvo4SvRFB0SwrW8YjOxEoT7wfMT7Ol5v7v5LDNvSGo67aExmxOb87nQNeWPVvaGBNfQ7BXcrZ9w==}
    engines: {node: '>=12'}
    cpu: [ppc64]
    os: [aix]

  '@esbuild/android-arm64@0.21.3':
    resolution: {integrity: sha512-c+ty9necz3zB1Y+d/N+mC6KVVkGUUOcm4ZmT5i/Fk5arOaY3i6CA3P5wo/7+XzV8cb4GrI/Zjp8NuOQ9Lfsosw==}
    engines: {node: '>=12'}
    cpu: [arm64]
    os: [android]

  '@esbuild/android-arm@0.21.3':
    resolution: {integrity: sha512-bviJOLMgurLJtF1/mAoJLxDZDL6oU5/ztMHnJQRejbJrSc9FFu0QoUoFhvi6qSKJEw9y5oGyvr9fuDtzJ30rNQ==}
    engines: {node: '>=12'}
    cpu: [arm]
    os: [android]

  '@esbuild/android-x64@0.21.3':
    resolution: {integrity: sha512-JReHfYCRK3FVX4Ra+y5EBH1b9e16TV2OxrPAvzMsGeES0X2Ndm9ImQRI4Ket757vhc5XBOuGperw63upesclRw==}
    engines: {node: '>=12'}
    cpu: [x64]
    os: [android]

  '@esbuild/darwin-arm64@0.21.3':
    resolution: {integrity: sha512-U3fuQ0xNiAkXOmQ6w5dKpEvXQRSpHOnbw7gEfHCRXPeTKW9sBzVck6C5Yneb8LfJm0l6le4NQfkNPnWMSlTFUQ==}
    engines: {node: '>=12'}
    cpu: [arm64]
    os: [darwin]

  '@esbuild/darwin-x64@0.21.3':
    resolution: {integrity: sha512-3m1CEB7F07s19wmaMNI2KANLcnaqryJxO1fXHUV5j1rWn+wMxdUYoPyO2TnAbfRZdi7ADRwJClmOwgT13qlP3Q==}
    engines: {node: '>=12'}
    cpu: [x64]
    os: [darwin]

  '@esbuild/freebsd-arm64@0.21.3':
    resolution: {integrity: sha512-fsNAAl5pU6wmKHq91cHWQT0Fz0vtyE1JauMzKotrwqIKAswwP5cpHUCxZNSTuA/JlqtScq20/5KZ+TxQdovU/g==}
    engines: {node: '>=12'}
    cpu: [arm64]
    os: [freebsd]

  '@esbuild/freebsd-x64@0.21.3':
    resolution: {integrity: sha512-tci+UJ4zP5EGF4rp8XlZIdq1q1a/1h9XuronfxTMCNBslpCtmk97Q/5qqy1Mu4zIc0yswN/yP/BLX+NTUC1bXA==}
    engines: {node: '>=12'}
    cpu: [x64]
    os: [freebsd]

  '@esbuild/linux-arm64@0.21.3':
    resolution: {integrity: sha512-vvG6R5g5ieB4eCJBQevyDMb31LMHthLpXTc2IGkFnPWS/GzIFDnaYFp558O+XybTmYrVjxnryru7QRleJvmZ6Q==}
    engines: {node: '>=12'}
    cpu: [arm64]
    os: [linux]

  '@esbuild/linux-arm@0.21.3':
    resolution: {integrity: sha512-f6kz2QpSuyHHg01cDawj0vkyMwuIvN62UAguQfnNVzbge2uWLhA7TCXOn83DT0ZvyJmBI943MItgTovUob36SQ==}
    engines: {node: '>=12'}
    cpu: [arm]
    os: [linux]

  '@esbuild/linux-ia32@0.21.3':
    resolution: {integrity: sha512-HjCWhH7K96Na+66TacDLJmOI9R8iDWDDiqe17C7znGvvE4sW1ECt9ly0AJ3dJH62jHyVqW9xpxZEU1jKdt+29A==}
    engines: {node: '>=12'}
    cpu: [ia32]
    os: [linux]

  '@esbuild/linux-loong64@0.21.3':
    resolution: {integrity: sha512-BGpimEccmHBZRcAhdlRIxMp7x9PyJxUtj7apL2IuoG9VxvU/l/v1z015nFs7Si7tXUwEsvjc1rOJdZCn4QTU+Q==}
    engines: {node: '>=12'}
    cpu: [loong64]
    os: [linux]

  '@esbuild/linux-mips64el@0.21.3':
    resolution: {integrity: sha512-5rMOWkp7FQGtAH3QJddP4w3s47iT20hwftqdm7b+loe95o8JU8ro3qZbhgMRy0VuFU0DizymF1pBKkn3YHWtsw==}
    engines: {node: '>=12'}
    cpu: [mips64el]
    os: [linux]

  '@esbuild/linux-ppc64@0.21.3':
    resolution: {integrity: sha512-h0zj1ldel89V5sjPLo5H1SyMzp4VrgN1tPkN29TmjvO1/r0MuMRwJxL8QY05SmfsZRs6TF0c/IDH3u7XYYmbAg==}
    engines: {node: '>=12'}
    cpu: [ppc64]
    os: [linux]

  '@esbuild/linux-riscv64@0.21.3':
    resolution: {integrity: sha512-dkAKcTsTJ+CRX6bnO17qDJbLoW37npd5gSNtSzjYQr0svghLJYGYB0NF1SNcU1vDcjXLYS5pO4qOW4YbFama4A==}
    engines: {node: '>=12'}
    cpu: [riscv64]
    os: [linux]

  '@esbuild/linux-s390x@0.21.3':
    resolution: {integrity: sha512-vnD1YUkovEdnZWEuMmy2X2JmzsHQqPpZElXx6dxENcIwTu+Cu5ERax6+Ke1QsE814Zf3c6rxCfwQdCTQ7tPuXA==}
    engines: {node: '>=12'}
    cpu: [s390x]
    os: [linux]

  '@esbuild/linux-x64@0.21.3':
    resolution: {integrity: sha512-IOXOIm9WaK7plL2gMhsWJd+l2bfrhfilv0uPTptoRoSb2p09RghhQQp9YY6ZJhk/kqmeRt6siRdMSLLwzuT0KQ==}
    engines: {node: '>=12'}
    cpu: [x64]
    os: [linux]

  '@esbuild/netbsd-x64@0.21.3':
    resolution: {integrity: sha512-uTgCwsvQ5+vCQnqM//EfDSuomo2LhdWhFPS8VL8xKf+PKTCrcT/2kPPoWMTs22aB63MLdGMJiE3f1PHvCDmUOw==}
    engines: {node: '>=12'}
    cpu: [x64]
    os: [netbsd]

  '@esbuild/openbsd-x64@0.21.3':
    resolution: {integrity: sha512-vNAkR17Ub2MgEud2Wag/OE4HTSI6zlb291UYzHez/psiKarp0J8PKGDnAhMBcHFoOHMXHfExzmjMojJNbAStrQ==}
    engines: {node: '>=12'}
    cpu: [x64]
    os: [openbsd]

  '@esbuild/sunos-x64@0.21.3':
    resolution: {integrity: sha512-W8H9jlGiSBomkgmouaRoTXo49j4w4Kfbl6I1bIdO/vT0+0u4f20ko3ELzV3hPI6XV6JNBVX+8BC+ajHkvffIJA==}
    engines: {node: '>=12'}
    cpu: [x64]
    os: [sunos]

  '@esbuild/win32-arm64@0.21.3':
    resolution: {integrity: sha512-EjEomwyLSCg8Ag3LDILIqYCZAq/y3diJ04PnqGRgq8/4O3VNlXyMd54j/saShaN4h5o5mivOjAzmU6C3X4v0xw==}
    engines: {node: '>=12'}
    cpu: [arm64]
    os: [win32]

  '@esbuild/win32-ia32@0.21.3':
    resolution: {integrity: sha512-WGiE/GgbsEwR33++5rzjiYsKyHywE8QSZPF7Rfx9EBfK3Qn3xyR6IjyCr5Uk38Kg8fG4/2phN7sXp4NPWd3fcw==}
    engines: {node: '>=12'}
    cpu: [ia32]
    os: [win32]

  '@esbuild/win32-x64@0.21.3':
    resolution: {integrity: sha512-xRxC0jaJWDLYvcUvjQmHCJSfMrgmUuvsoXgDeU/wTorQ1ngDdUBuFtgY3W1Pc5sprGAvZBtWdJX7RPg/iZZUqA==}
    engines: {node: '>=12'}
    cpu: [x64]
    os: [win32]

  '@floating-ui/core@1.8.0':
    resolution: {integrity: sha512-0CIZ5itps/8x7BG8dEIhs53BvCUH2PCoogtakwRTut+Arm58sJooJ0AuZhLw2HJYIR5cMLNPBSS728sPho2khQ==}

  '@floating-ui/dom@1.8.0':
    resolution: {integrity: sha512-yXSrzeHZBTZadLOlfyhCkJHNeLJnHRnRInwdZ40L7ZiaAtrBwoYlsDrX3v5zB1Utk7CLfzcOVnVVWoXEky7Ceg==}

  '@floating-ui/utils@0.2.12':
    resolution: {integrity: sha512-HpCo8tmWzLVad5s2d19EhAz5zqrrQ6s69qd6moPMQvkOuSwDT1YgRfWSVuc4ennqrgv3OHppiOGMQ7oC13yIww==}

  '@jridgewell/sourcemap-codec@1.5.0':
    resolution: {integrity: sha512-gv3ZRaISU3fjPAgNsriBRqGWQL6quFx04YMPW/zD8XMLsU32mhCCbfbO6KZFLjvYpCZ8zyDEgqsgf+PwPaM7GQ==}

  '@jridgewell/sourcemap-codec@1.5.5':
    resolution: {integrity: sha512-cYQ9310grqxueWbl+WuIUIaiUaDcj7WOq5fVhEljNVgRfOUhY9fy2zTvfoqWsnebh8Sl70VScFbICvJnLKB0Og==}

  '@napi-rs/lzma-linux-x64-gnu@1.5.1':
    resolution: {integrity: sha512-oTXEIha4SsuXdTA4Iyskj0kpdx2yVXdhd75c2v3xGrHFfVMsbhTPZU/nMPL4sWKo4pBHm3aucLaqGlF696dTyQ==}
    engines: {node: ^22.20 || ^24.12 || >=25}
    cpu: [x64]
    os: [linux]
    libc: [glibc]

  '@rollup/rollup-android-arm-eabi@4.63.0':
    resolution: {integrity: sha512-70TeIFezKKy65LgAVyQh+w94/gjWhvPWaLaGGeMEgVrPkQhuj/M5bAYYZzIFUj9Y69oHyTm5Um/R6gcLh4A8JA==}
    cpu: [arm]
    os: [android]

  '@rollup/rollup-android-arm64@4.63.0':
    resolution: {integrity: sha512-YC86tYIHK6M1IV+wbzO+Bxk8RCBr6ZyWYgWxUCzaZD8mc8rrFoIJDNzDrkHBYRc/wKdrsIXmm6/F7NzrAO+OrA==}
    cpu: [arm64]
    os: [android]

  '@rollup/rollup-darwin-arm64@4.63.0':
    resolution: {integrity: sha512-oI+ECtUcli0y0fi4xpW82GdPIXdTkI8G8DSjG2LRuw09fPAGykaWYH/hXxiKuTxiAjiPSTIIuYUqof5Z2hShWw==}
    cpu: [arm64]
    os: [darwin]

  '@rollup/rollup-darwin-x64@4.63.0':
    resolution: {integrity: sha512-NwV+1s7TiKrMe4owHyKB/dTLD7ZJD0YEBEhIz+hvav1Cu1GReJjF+rsdNwjzENQeIAbE/CoNiaAc5Vz2h5DPAA==}
    cpu: [x64]
    os: [darwin]

  '@rollup/rollup-freebsd-arm64@4.63.0':
    resolution: {integrity: sha512-tWtHBTu5gOPK4u4Urtk4qAHW3zZ9rQAmbssO8gp7ELvGTGI3aCiq6NqyTQ0PCIg7KbHJF2UkGDDs77YZGxfjCA==}
    cpu: [arm64]
    os: [freebsd]

  '@rollup/rollup-freebsd-x64@4.63.0':
    resolution: {integrity: sha512-2qPoJiwTvtHQ27NnYvTnsgk8laXWYuVmNESG8WFZBcEPKLfZ3I27qBJarjVRQtwGeYyRfq5ZowHXih9lm2BItw==}
    cpu: [x64]
    os: [freebsd]

  '@rollup/rollup-linux-arm-gnueabihf@4.63.0':
    resolution: {integrity: sha512-FQwsTRvLNuHoTdICABJQfbPUSEueISGmnpT06tXTMpfprf5NiKLSXKA0A+w45wJnCmZAnzgqBwbt6ARFuyOi5w==}
    cpu: [arm]
    os: [linux]
    libc: [glibc]

  '@rollup/rollup-linux-arm-musleabihf@4.63.0':
    resolution: {integrity: sha512-BBVTXziw8mY1a4ZbWME9tZyfzqXCDPqaC7Z3heQ29p5dkvXzwL0NwelO8zLa8c3RBKvl3YTuSnBgsBhYBtwjIw==}
    cpu: [arm]
    os: [linux]
    libc: [musl]

  '@rollup/rollup-linux-arm64-gnu@4.63.0':
    resolution: {integrity: sha512-w2Iyy9+RqKwx3d9qWMKsJg0FfRBsY0/pXNv0mCQ3ueRvJI6+QAScfD4nrMlzFLs2HNVW6Ew+mtZfDl9b7Ew5/Q==}
    cpu: [arm64]
    os: [linux]
    libc: [glibc]

  '@rollup/rollup-linux-arm64-musl@4.63.0':
    resolution: {integrity: sha512-YK++KtrFRHYE0P6/RtYEAy9t8F37znP+K03RrIuLPYOL6SVlObRumf/0OE4V/h63xL9DwkWbNssZfmA9hawuDA==}
    cpu: [arm64]
    os: [linux]
    libc: [musl]

  '@rollup/rollup-linux-loong64-gnu@4.63.0':
    resolution: {integrity: sha512-aBfOG6fP7YkkPmTqPwufRJeFyz7WPpECv9XNbnsk9+vg7rxdih0lbtEel7jcRng4LZrrmU3FfitCFyEj4BWDWg==}
    cpu: [loong64]
    os: [linux]
    libc: [glibc]

  '@rollup/rollup-linux-loong64-musl@4.63.0':
    resolution: {integrity: sha512-LGaHEOeHNAag9VuS1Crs5DFg4RrU9MPi2nVnNJk9DTePx/B6RRYKVmrIXt2h7YOJlwjaFJ6lwtFDliZxScTLrQ==}
    cpu: [loong64]
    os: [linux]
    libc: [musl]

  '@rollup/rollup-linux-ppc64-gnu@4.63.0':
    resolution: {integrity: sha512-jClvk+J0FC3b7Udvegiw5/4hErbHtmsNsQgENnKXDWtNCJXsJYZH5WURvu7imDOO38xYml24eeh5x3A04ppwCw==}
    cpu: [ppc64]
    os: [linux]
    libc: [glibc]

  '@rollup/rollup-linux-ppc64-musl@4.63.0':
    resolution: {integrity: sha512-0OJlaGK+8+B777Ql5okIpD7ua5Ro9+VB9Ve0OKa28OQJZ1RbuUBVNHK/e3pr4BROqsyPl1JrPO1ZxJseCNffcA==}
    cpu: [ppc64]
    os: [linux]
    libc: [musl]

  '@rollup/rollup-linux-riscv64-gnu@4.63.0':
    resolution: {integrity: sha512-Ygsx+HoNH7afwi1bTIXbnTvVnsO+zurPLSYxybV1hHFVU72OWOCl6v05ql/z0hkpAPx+DK7Kn9Bi7MayCcjLTA==}
    cpu: [riscv64]
    os: [linux]
    libc: [glibc]

  '@rollup/rollup-linux-riscv64-musl@4.63.0':
    resolution: {integrity: sha512-pDQxtMGb+OvG3fLwR2OkZlSd47hW+kWg4BYMG/++sR6RqorQccwPTDsxda5hPwiIeIErAnCF9ma3SAU06bdQtQ==}
    cpu: [riscv64]
    os: [linux]
    libc: [musl]

  '@rollup/rollup-linux-s390x-gnu@4.63.0':
    resolution: {integrity: sha512-0BnUG9mS8I4SSHr3XsxVhuCMEiu+rX61xxZF5vujso4LaiAGFZFxvDjg6Xn6tLPNTUAfuCvQYas4LMQMVsKRSQ==}
    cpu: [s390x]
    os: [linux]
    libc: [glibc]

  '@rollup/rollup-linux-x64-gnu@4.63.0':
    resolution: {integrity: sha512-Adu/VttB1dpPNW+FEacrZ+xVm9tFty84+RrFzsqlFaPxoJB+9XXyDGtp5dCOoBwGBIEVH0To7lExFXEx0BIF4A==}
    cpu: [x64]
    os: [linux]
    libc: [glibc]

  '@rollup/rollup-linux-x64-musl@4.63.0':
    resolution: {integrity: sha512-NQ3bDvjUbFKmP23671xUlXtKmqVsUBd6M4PQCvbmNtOy06hnQIdKHy8oG/6S3R/S6He1JgPk6A5VT+prAJMYEw==}
    cpu: [x64]
    os: [linux]
    libc: [musl]

  '@rollup/rollup-openbsd-x64@4.63.0':
    resolution: {integrity: sha512-u2eDAl4+0aFvA13GxlGBtTI3SS3sdgwgtV0HyjZ0QaQVCgNE+jqNGey+GtxWiq+wxr/UycAx/OnfJzApCFamvA==}
    cpu: [x64]
    os: [openbsd]

  '@rollup/rollup-openharmony-arm64@4.63.0':
    resolution: {integrity: sha512-XvRb5vfW3wAZQ+ZUG21AnHHDKtNcw99eigzEhjr//NZ3u7SoBaPP0seSc7FgP7p1epAEdAoZckMW9WY/+4w70w==}
    cpu: [arm64]
    os: [openharmony]

  '@rollup/rollup-win32-arm64-msvc@4.63.0':
    resolution: {integrity: sha512-iZPmniy4kNBf5yo2RezbkYNNK5HPbXE9+g+twnbqSng7dtLEJy1SKoxiE/ni4FDacjyuZpEeb9U054N4EoKHYw==}
    cpu: [arm64]
    os: [win32]

  '@rollup/rollup-win32-ia32-msvc@4.63.0':
    resolution: {integrity: sha512-mFBBd+LF37fnE8JnYUOH+imj0aPFPK30vpar4ehJkgnLj9sZn8ZxiRENmLtgIwxK7TC8klF6N57fxdNBwQoqOA==}
    cpu: [ia32]
    os: [win32]

  '@rollup/rollup-win32-x64-gnu@4.63.0':
    resolution: {integrity: sha512-ujeqEY3B+zbGn3Z4Q03cUBG/LGWnBJncVT36WER31LcOsQk9+1dmINKKtvmmfChUvRbK1G0R8OhMWFgHgaZtAw==}
    cpu: [x64]
    os: [win32]

  '@rollup/rollup-win32-x64-msvc@4.63.0':
    resolution: {integrity: sha512-hncn90N4sOky0L2LKE5oESKLbxCPeVo4eLA2LSMoDzM+879ml4WSr+Rr4DWknNIVVvS1Hirkc9hx02W6YxS8rQ==}
    cpu: [x64]
    os: [win32]

  '@sxzz/popperjs-es@2.11.8':
    resolution: {integrity: sha512-wOwESXvvED3S8xBmcPWHs2dUuzrE4XiZeFu7e1hROIJkm02a49N120pmOXxY33sBb6hArItm5W5tcg1cBtV+HQ==}

  '@types/estree@1.0.9':
    resolution: {integrity: sha512-GhdPgy1el4/ImP05X05Uw4cw2/M93BCUmnEvWZNStlCzEKME4Fkk+YpoA5OiHNQmoS7Cafb8Xa3Pya8m1Qrzeg==}

  '@types/lodash-es@4.17.12':
    resolution: {integrity: sha512-0NgftHUcV4v34VhXm8QBSftKVXtbkBG3ViCjs6+eJ5a6y6Mi/jiFGPc1sC7QK+9BFhWrURE3EOggmWaSxL9OzQ==}

  '@types/lodash@4.17.25':
    resolution: {integrity: sha512-+K1NIO8I+F9/wNulfVvu23QYd0Pe9/OCqRrim4NoYIf1VoEDL90Ve4ClzpyqBLc7NpGGWRvYNCKZ1BE/Jpf8dQ==}

  '@types/web-bluetooth@0.0.21':
    resolution: {integrity: sha512-oIQLCGWtcFZy2JW77j9k8nHzAOpqMHLQejDA48XXMWH6tjCQHz5RCFz1bzsmROyL6PUm+LLnUiI4BCn221inxA==}

  '@vitejs/plugin-vue@5.1.0':
    resolution: {integrity: sha512-QMRxARyrdiwi1mj3AW4fLByoHTavreXq0itdEW696EihXglf1MB3D4C2gBvE0jMPH29ZjC3iK8aIaUMLf4EOGA==}
    engines: {node: ^18.0.0 || >=20.0.0}
    peerDependencies:
      vite: ^5.0.0
      vue: ^3.2.25

  '@vitest/expect@2.1.0':
    resolution: {integrity: sha512-N3/xR4fSu0+6sVZETEtPT1orUs2+Y477JOXTcU3xKuu3uBlsgbD7/7Mz2LZ1Jr1XjwilEWlrIgSCj4N1+5ZmsQ==}

  '@vitest/mocker@2.1.0':
    resolution: {integrity: sha512-ZxENovUqhzl+QiOFpagiHUNUuZ1qPd5yYTCYHomGIZOFArzn4mgX2oxZmiAItJWAaXHG6bbpb/DpSPhlk5DgtA==}
    peerDependencies:
      '@vitest/spy': 2.1.0
      msw: ^2.3.5
      vite: ^5.0.0
    peerDependenciesMeta:
      msw:
        optional: true
      vite:
        optional: true

  '@vitest/pretty-format@2.1.0':
    resolution: {integrity: sha512-7sxf2F3DNYatgmzXXcTh6cq+/fxwB47RIQqZJFoSH883wnVAoccSRT6g+dTKemUBo8Q5N4OYYj1EBXLuRKvp3Q==}

  '@vitest/runner@2.1.0':
    resolution: {integrity: sha512-D9+ZiB8MbMt7qWDRJc4CRNNUlne/8E1X7dcKhZVAbcOKG58MGGYVDqAq19xlhNfMFZsW0bpVKgztBwks38Ko0w==}

  '@vitest/snapshot@2.1.0':
    resolution: {integrity: sha512-x69CygGMzt9VCO283K2/FYQ+nBrOj66OTKpsPykjCR4Ac3lLV+m85hj9reaIGmjBSsKzVvbxWmjWE3kF5ha3uQ==}

  '@vitest/spy@2.1.0':
    resolution: {integrity: sha512-IXX5NkbdgTYTog3F14i2LgnBc+20YmkXMx0IWai84mcxySUDRgm0ihbOfR4L0EVRBDFG85GjmQQEZNNKVVpkZw==}

  '@vitest/utils@2.1.0':
    resolution: {integrity: sha512-rreyfVe0PuNqJfKYUwfPDfi6rrp0VSu0Wgvp5WBqJonP+4NvXHk48X6oBam1Lj47Hy6jbJtnMj3OcRdrkTP0tA==}

  '@volar/language-core@2.4.28':
    resolution: {integrity: sha512-w4qhIJ8ZSitgLAkVay6AbcnC7gP3glYM3fYwKV3srj8m494E3xtrCv6E+bWviiK/8hs6e6t1ij1s2Endql7vzQ==}

  '@volar/source-map@2.4.28':
    resolution: {integrity: sha512-yX2BDBqJkRXfKw8my8VarTyjv48QwxdJtvRgUpNE5erCsgEUdI2DsLbpa+rOQVAJYshY99szEcRDmyHbF10ggQ==}

  '@volar/typescript@2.4.28':
    resolution: {integrity: sha512-Ja6yvWrbis2QtN4ClAKreeUZPVYMARDYZl9LMEv1iQ1QdepB6wn0jTRxA9MftYmYa4DQ4k/DaSZpFPUfxl8giw==}

  '@vue/compiler-core@3.5.41':
    resolution: {integrity: sha512-q0Xtv/F9w2YO/7htQhtiL+Ev2WCJbe5N2hc+XfgyKkEKqWpSxknmT8QOuGdEKNdjPq0c3F7rNpFkTo3Kfrm7pg==}

  '@vue/compiler-dom@3.5.41':
    resolution: {integrity: sha512-oKacVfNglLvGjnS6BXOlGL7EyG2h8X03pqXCjzotRZUaXGjbrTJUnVAQjrCqUnS+lyu31nwQjZY/d817GmCnfw==}

  '@vue/compiler-sfc@3.5.41':
    resolution: {integrity: sha512-XJhip7R2wy6vX3knCxdZN4KracFaZUef58s1KYewqluedHIJaPIVfXoYT7MF1F8nCvv6k8bWWxDC8opMkg1VTQ==}

  '@vue/compiler-ssr@3.5.41':
    resolution: {integrity: sha512-U3v5OejKEGqOI0Wy0+Sz7hGuIFZHA4LSXzrNM3IMIeDyJEBBfTpX26n3SDgToRpP2bLc9FfI2j/kSgcJ8Emq5A==}

  '@vue/compiler-vue2@2.7.16':
    resolution: {integrity: sha512-qYC3Psj9S/mfu9uVi5WvNZIzq+xnXMhOwbTFKKDD7b1lhpnn71jXSFdTQ+WsIEk0ONCd7VV2IMm7ONl6tbQ86A==}

  '@vue/devtools-api@6.6.4':
    resolution: {integrity: sha512-sGhTPMuXqZ1rVOk32RylztWkfXTRhuS7vgAKv0zjqk8gbsHkJ7xfFf+jbySxt7tWObEJwyKaHMikV/WGDiQm8g==}

  '@vue/language-core@2.1.0':
    resolution: {integrity: sha512-S7uUdQXn4aA7QloQeAIhKDkP243nCEktQu1Kxur1fJFfedf+izBTb9bAR2tHe0V7xhFYhIwkNCtQl2AlKFaW3w==}
    peerDependencies:
      typescript: '*'
    peerDependenciesMeta:
      typescript:
        optional: true

  '@vue/reactivity@3.5.41':
    resolution: {integrity: sha512-rznsqKM0np0x18EjzF8x88MpEhdNsffbvFbckLL5+oUKz1BxAImEmO7J1ArRYSyo6aQaVoBDp7jEkT91OOxydA==}

  '@vue/runtime-core@3.5.41':
    resolution: {integrity: sha512-Vcry58hiAKwGen9Z1jUZE0feFsNArPCMOImYI8el48A9Idf6DuQYD0U05zZIF2Iad1hGhPSvcbBbAOhNr55fhg==}

  '@vue/runtime-dom@3.5.41':
    resolution: {integrity: sha512-3vVBahVBS9+U6cmXBLyb8nE6/yYo4J/CGI9eVFs3KiMc0YHuudwKyShTD65jtJy/L9PUUxNAFu4cj4LiJ0UFbw==}

  '@vue/server-renderer@3.5.41':
    resolution: {integrity: sha512-n6hx/pNFfbD6SuyeuMVkvqox8bwf/ET9JlA/kAz/imw8sw++wkqKe2mHX5KutjPpbKE4Z56yTHszoOjGMI9igQ==}

  '@vue/shared@3.5.41':
    resolution: {integrity: sha512-IOnwSCma8j+9xJT6b8H0dEYidC80NsYmNMlZxRsukYcSoGaDBohog5hDxzeUXdFeGWFA++vWvxqOmrr96VlqMA==}

  '@vueuse/core@14.4.0':
    resolution: {integrity: sha512-X4WHz1HlCzCBoYXesUkifzzWBAcZgXG8Fi5iNPQg/epdzOB3gu8Fawj3hvuwYR1nGcXGnvxwYYcUC/71++svtQ==}
    peerDependencies:
      vue: ^3.5.0

  '@vueuse/metadata@14.4.0':
    resolution: {integrity: sha512-swx/255R6JyHZFJhx845iz5CRWDZdCfvkZOpACWc5+c5WHcG24mv8gUT1WIdFQaHt6dq79rvILd9QnCWiyVm9g==}

  '@vueuse/shared@14.4.0':
    resolution: {integrity: sha512-JRgY90Sz8DDtPMsaDflvPMp9xYk69JZAmbuDvAquUVXKr2gEjqtzGNTTthLfckH0BzBqvnu31gb4a8TGLRe79g==}
    peerDependencies:
      vue: ^3.5.0

  assertion-error@2.0.1:
    resolution: {integrity: sha512-Izi8RQcffqCeNVgFigKli1ssklIbpHnCYc6AknXGYoB6grJqyeby7jv12JUQgmTAnIDnbck1uxksT4dzN3PWBA==}
    engines: {node: '>=12'}

  async-validator@4.2.5:
    resolution: {integrity: sha512-7HhHjtERjqlNbZtqNqy2rckN/SpOOlmDliet+lP7k+eKZEjPk3DgyeU9lIXLdeLz0uBbbVp+9Qdow9wJWgwwfg==}

  balanced-match@1.0.0:
    resolution: {integrity: sha512-9Y0g0Q8rmSt+H33DfKv7FOc3v+iRI+o1lbzt8jGcIosYW37IIW/2XVYq5NPdmaD5NQ59Nk26Kl/vZbwW9Fr8vg==}

  brace-expansion@2.1.4:
    resolution: {integrity: sha512-hGfVzPxthbf3+2yjg/RBs60cB0FhqBS/zvdV/4wn4/BmN0bNMMHPc4V/BbFieqf1TKAGGAHnY4eSjajCl0f2Xg==}

  cac@6.7.14:
    resolution: {integrity: sha512-b6Ilus+c3RrdDk+JhLKUAQfzzgLEPy6wcXqS7f/xe1EETvsDP6GORG7SFuOs6cID5YkqchW/LXZbX5bc8j7ZcQ==}
    engines: {node: '>=8'}

  chai@5.1.1:
    resolution: {integrity: sha512-pT1ZgP8rPNqUgieVaEY+ryQr6Q4HXNg8Ei9UnLUrjN4IA7dvQC5JB+/kxVcPNDHyBcc/26CXPkbNzq3qwrOEKA==}
    engines: {node: '>=12'}

  check-error@2.1.3:
    resolution: {integrity: sha512-PAJdDJusoxnwm1VwW07VWwUN1sl7smmC3OKggvndJFadxxDRyFJBX/ggnu/KE4kQAB7a3Dp8f/YXC1FlUprWmA==}
    engines: {node: '>= 16'}

  computeds@0.0.1:
    resolution: {integrity: sha512-7CEBgcMjVmitjYo5q8JTJVra6X5mQ20uTThdK+0kR7UEaDrAWEQcRiBtWJzga4eRpP6afNwwLsX2SET2JhVB1Q==}

  csstype@3.2.3:
    resolution: {integrity: sha512-z1HGKcYy2xA8AGQfwrn0PAy+PB7X/GSj3UVJW9qKyn43xWa+gl5nXmU4qqLMRzWVLFC8KusUX8T/0kCiOYpAIQ==}

  dayjs@1.11.23:
    resolution: {integrity: sha512-QDTCU0M0MxR3hQfnlDJfwekQiaanm1ubOD231u73WBckQ/fsamwRLiE2GBz6D3a/xF1NgfiDLJjXBa1hYOYTtQ==}

  de-indent@1.0.2:
    resolution: {integrity: sha512-e/1zu3xH5MQryN2zdVaF0OrdNLUbvWxzMbi+iNA6Bky7l1RoP8a2fIbRocyHclXt/arDrrR6lL3TqFD9pMQTsg==}

  debug@4.4.3:
    resolution: {integrity: sha512-RGwwWnwQvkVfavKVt22FGLw+xYSdzARwm0ru6DhTVA3umU5hZc28V3kO4stgYryrTlLpuvgI9GiijltAjNbcqA==}
    engines: {node: '>=6.0'}
    peerDependencies:
      supports-color: '*'
    peerDependenciesMeta:
      supports-color:
        optional: true

  deep-eql@5.0.2:
    resolution: {integrity: sha512-h5k/5U50IJJFpzfL6nO9jaaumfjO/f2NjK/oYB2Djzm4p9L+3T9qWpZqZ2hAbLPuuYq9wrU08WQyBTL5GbPk5Q==}
    engines: {node: '>=6'}

  element-plus@2.14.5:
    resolution: {integrity: sha512-bghYy/S+qg87enHPXELirhEdDqsVAUGcGpbGIeG8dz0kwpIkGz7gYsifulBshXX74iRtHib85XWQj0uSH2A1Yg==}
    peerDependencies:
      vue: ^3.3.7

  entities@7.0.1:
    resolution: {integrity: sha512-TWrgLOFUQTH994YUyl1yT4uyavY5nNB5muff+RtWaqNVCAK408b5ZnnbNAUEWLTCpum9w6arT70i1XdQ4UeOPA==}
    engines: {node: '>=0.12'}

  esbuild@0.21.3:
    resolution: {integrity: sha512-Kgq0/ZsAPzKrbOjCQcjoSmPoWhlcVnGAUo7jvaLHoxW1Drto0KGkR1xBNg2Cp43b9ImvxmPEJZ9xkfcnqPsfBw==}
    engines: {node: '>=12'}
    hasBin: true

  estree-walker@2.0.2:
    resolution: {integrity: sha512-Rfkk/Mp/DL7JVje3u18FxFujQlTNR2q6QfMSMB7AvCBx91NGj/ba3kCfza0f6dVDbw7YlRf/nDrn7pQrCCyQ/w==}

  estree-walker@3.0.3:
    resolution: {integrity: sha512-7RUKfXgSMMkzt6ZuXmqapOurLGPPfgj6l9uRZ7lRGolvk0y2yocc35LdcxKC5PQZdn2DMqioAQ2NoWcrTKmm6g==}

  fsevents@2.3.3:
    resolution: {integrity: sha512-5xoDfX+fL7faATnagmWPpbFtwh/R77WmMMqqHGS65C3vvB0YHrgF+B1YmZ3441tMj5n63k0212XNoJwzlhffQw==}
    engines: {node: ^8.16.0 || ^10.6.0 || >=11.0.0}
    os: [darwin]

  he@1.2.0:
    resolution: {integrity: sha512-F/1DnUGPopORZi0ni+CvrCgHQ5FyEAHRLSApuYWMmrbSwoN2Mn/7k+Gl38gJnR7yyDZk6WLXwiGod1JOWNDKGw==}
    hasBin: true

  lodash-es@4.18.1:
    resolution: {integrity: sha512-J8xewKD/Gk22OZbhpOVSwcs60zhd95ESDwezOFuA3/099925PdHJ7OFHNTGtajL3AlZkykD32HykiMo+BIBI8A==}

  lodash-unified@1.0.3:
    resolution: {integrity: sha512-WK9qSozxXOD7ZJQlpSqOT+om2ZfcT4yO+03FuzAHD0wF6S0l0090LRPDx3vhTTLZ8cFKpBn+IOcVXK6qOcIlfQ==}
    peerDependencies:
      '@types/lodash-es': '*'
      lodash: '*'
      lodash-es: '*'

  lodash@4.18.1:
    resolution: {integrity: sha512-dMInicTPVE8d1e5otfwmmjlxkZoUpiVLwyeTdUsi/Caj/gfzzblBcCE5sRHV/AsjuCmxWrte2TNGSYuCeCq+0Q==}

  loupe@3.2.1:
    resolution: {integrity: sha512-CdzqowRJCeLU72bHvWqwRBBlLcMEtIvGrlvef74kMnV2AolS9Y8xUv1I0U/MNAWMhBlKIoyuEgoJ0t/bbwHbLQ==}

  magic-string@0.30.11:
    resolution: {integrity: sha512-+Wri9p0QHMy+545hKww7YAu5NyzF8iomPL/RQazugQ9+Ez4Ic3mERMd8ZTX5rfK944j+560ZJi8iAwgak1Ac7A==}

  magic-string@0.30.21:
    resolution: {integrity: sha512-vd2F4YUyEXKGcLHoq+TEyCjxueSeHnFxyyjNp80yg0XV4vUhnDer/lvvlqM/arB5bXQN5K2/3oinyCRyx8T2CQ==}

  memoize-one@6.0.0:
    resolution: {integrity: sha512-rkpe71W0N0c0Xz6QD0eJETuWAJGnJ9afsl1srmwPrI+yBCkge5EycXXbYRyvL29zZVUWQCY7InPRCv3GDXuZNw==}

  minimatch@9.0.9:
    resolution: {integrity: sha512-OBwBN9AL4dqmETlpS2zasx+vTeWclWzkblfZk7KTA5j3jeOONz/tRCnZomUyvNg83wL5Zv9Ss6HMJXAgL8R2Yg==}
    engines: {node: '>=16 || 14 >=14.17'}

  ms@2.1.3:
    resolution: {integrity: sha512-6FlzubTLZG3J2a/NVCAleEhjzq5oxgHyaCU9yYXvcLsvoVaHJq/s5xXI6/XXP6tz7R9xAOtHnSO/tXtF3WRTlA==}

  muggle-string@0.4.1:
    resolution: {integrity: sha512-VNTrAak/KhO2i8dqqnqnAHOa3cYBwXEZe9h+D5h/1ZqFSTEFHdM65lR7RoIqq3tBBYavsOXV84NoHXZ0AkPyqQ==}

  nanoid@3.3.18:
    resolution: {integrity: sha512-DTg4MJbGMWkfi6VZFdNt2/caMbQy4Ou+Op/hJQvGEWcnVfoA1QA+xzRKAzw9jD6+GVOOeYr/mIcuDSdug6F6+w==}
    engines: {node: ^10 || ^12 || ^13.7 || ^14 || >=15.0.1}
    hasBin: true

  normalize-wheel-es@1.2.0:
    resolution: {integrity: sha512-Wj7+EJQ8mSuXr2iWfnujrimU35R2W4FAErEyTmJoJ7ucwTn2hOUSsRehMb5RSYkxXGTM7Y9QpvPmp++w5ftoJw==}

  path-browserify@1.0.1:
    resolution: {integrity: sha512-b7uo2UCUOYZcnF/3ID0lulOJi/bafxa1xPe7ZPsammBSpjSWQkjNxlt635YGS2MiR9GjvuXCtz2emr3jbsz98g==}

  pathe@1.1.2:
    resolution: {integrity: sha512-whLdWMYL2TwI08hn8/ZqAbrVemu0LNaNNJZX73O6qaIdCTfXutsLhMkjdENX0qhsQ9uIimo4/aQOmXkoon2nDQ==}

  pathval@2.0.1:
    resolution: {integrity: sha512-//nshmD55c46FuFw26xV/xFAaB5HF9Xdap7HJBBnrKdAd6/GxDBaNA1870O79+9ueg61cZLSVc+OaFlfmObYVQ==}
    engines: {node: '>= 14.16'}

  picocolors@1.1.1:
    resolution: {integrity: sha512-xceH2snhtb5M9liqDsmEw56le376mTZkEX/jEb/RxNFyegNul7eNslCXP9FDj/Lcu0X8KEyMceP2ntpaHrDEVA==}

  postcss@8.5.26:
    resolution: {integrity: sha512-u82N74LFzG8ca+dD8puPnplTXoGH4fTPpVGuIbt36G3qvNlkvfD0lEAZSxaly3KX8TS/L1A1gsCEmvKmBcVbkQ==}
    engines: {node: ^10 || ^12 || >=14}

  rollup@4.63.0:
    resolution: {integrity: sha512-T5vnZ2y4QqC3/4P+w2+JO+Q/OVdnPsv4XcSYJYMEn0R9/jjl5AgLwO9LAZMzP2lN71O6pypn91rB7lDstUkfrQ==}
    engines: {node: '>=18.0.0', npm: '>=8.0.0'}
    hasBin: true

  semver@7.8.5:
    resolution: {integrity: sha512-Y7/KDsb8LjooZpwaqGyulO6DQlksgCncchHGk+sZIY4SBvUocMBEFH5Ur1fI4dV+Jvl0w6cjvucaIi40puRioA==}
    engines: {node: '>=10'}
    hasBin: true

  siginfo@2.0.0:
    resolution: {integrity: sha512-ybx0WO1/8bSBLEWXZvEd7gMW3Sn3JFlW3TvX1nREbDLRNQNaeNN8WK0meBwPdAaOI7TtRRRJn/Es1zhrrCHu7g==}

  source-map-js@1.2.1:
    resolution: {integrity: sha512-UXWMKhLOwVKb728IUtQPXxfYU+usdybtUrK/8uGE8CQMvrhOpwvzDBwj0QhSL7MQc7vIsISBG8VQ8+IDQxpfQA==}
    engines: {node: '>=0.10.0'}

  stackback@0.0.2:
    resolution: {integrity: sha512-1XMJE5fQo1jGH6Y/7ebnwPOBEkIEnT4QF32d5R1+VXdXveM0IBMJt8zfaxX1P3QhVwrYe+576+jkANtSS2mBbw==}

  std-env@3.7.0:
    resolution: {integrity: sha512-JPbdCEQLj1w5GilpiHAx3qJvFndqybBysA3qUOnznweH4QbNYUsW/ea8QzSrnh0vNsezMMw5bcVool8lM0gwzg==}

  tinybench@2.9.0:
    resolution: {integrity: sha512-0+DUvqWMValLmha6lr4kD8iAMK1HzV0/aKnCtWb9v9641TnP/MFb7Pc2bxoxQjTXAErryXVgUOfv2YqNllqGeg==}

  tinyexec@0.3.0:
    resolution: {integrity: sha512-tVGE0mVJPGb0chKhqmsoosjsS+qUnJVGJpZgsHYQcGoPlG3B51R3PouqTgEGH2Dc9jjFyOqOpix6ZHNMXp1FZg==}

  tinypool@1.0.0:
    resolution: {integrity: sha512-KIKExllK7jp3uvrNtvRBYBWBOAXSX8ZvoaD8T+7KB/QHIuoJW3Pmr60zucywjAlMb5TeXUkcs/MWeWLu0qvuAQ==}
    engines: {node: ^18.0.0 || >=20.0.0}

  tinyrainbow@1.2.0:
    resolution: {integrity: sha512-weEDEq7Z5eTHPDh4xjX789+fHfF+P8boiFB+0vbWzpbnbsEr/GRaohi/uMKxg8RZMXnl1ItAi/IUHWMsjDV7kQ==}
    engines: {node: '>=14.0.0'}

  tinyspy@3.0.2:
    resolution: {integrity: sha512-n1cw8k1k0x4pgA2+9XrOkFydTerNcJ1zWCO5Nn9scWHTD+5tp8dghT2x1uduQePZTZgd3Tupf+x9BxJjeJi77Q==}
    engines: {node: '>=14.0.0'}

  typescript@5.6.2:
    resolution: {integrity: sha512-NW8ByodCSNCwZeghjN3o+JX5OFH0Ojg6sadjEKY4huZ52TqbJTJnDo5+Tw98lSy63NZvi4n+ez5m2u5d4PkZyw==}
    engines: {node: '>=14.17'}
    hasBin: true

  vite-node@2.1.0:
    resolution: {integrity: sha512-+ybYqBVUjYyIscoLzMWodus2enQDZOpGhcU6HdOVD6n8WZdk12w1GFL3mbnxLs7hPtRtqs1Wo5YF6/Tsr6fmhg==}
    engines: {node: ^18.0.0 || >=20.0.0}
    hasBin: true

  vite@5.4.0:
    resolution: {integrity: sha512-5xokfMX0PIiwCMCMb9ZJcMyh5wbBun0zUzKib+L65vAZ8GY9ePZMXxFrHbr/Kyll2+LSCY7xtERPpxkBDKngwg==}
    engines: {node: ^18.0.0 || >=20.0.0}
    hasBin: true
    peerDependencies:
      '@types/node': ^18.0.0 || >=20.0.0
      less: '*'
      lightningcss: ^1.21.0
      sass: '*'
      sass-embedded: '*'
      stylus: '*'
      sugarss: '*'
      terser: ^5.4.0
    peerDependenciesMeta:
      '@types/node':
        optional: true
      less:
        optional: true
      lightningcss:
        optional: true
      sass:
        optional: true
      sass-embedded:
        optional: true
      stylus:
        optional: true
      sugarss:
        optional: true
      terser:
        optional: true

  vitest@2.1.0:
    resolution: {integrity: sha512-XuuEeyNkqbfr0FtAvd9vFbInSSNY1ykCQTYQ0sj9wPy4hx+1gR7gqVNdW0AX2wrrM1wWlN5fnJDjF9xG6mYRSQ==}
    engines: {node: ^18.0.0 || >=20.0.0}
    hasBin: true
    peerDependencies:
      '@edge-runtime/vm': '*'
      '@types/node': ^18.0.0 || >=20.0.0
      '@vitest/browser': 2.1.0
      '@vitest/ui': 2.1.0
      happy-dom: '*'
      jsdom: '*'
    peerDependenciesMeta:
      '@edge-runtime/vm':
        optional: true
      '@types/node':
        optional: true
      '@vitest/browser':
        optional: true
      '@vitest/ui':
        optional: true
      happy-dom:
        optional: true
      jsdom:
        optional: true

  vscode-uri@3.2.0:
    resolution: {integrity: sha512-m2gXo3bn0G1kT9InzMf07fTbqMbGtyckj3bH5ktLO+1Ssv+yiATZ4dhwaQv9UZWxJh6E9IFGnQyjgWVDWVBDrg==}

  vue-component-type-helpers@3.3.11:
    resolution: {integrity: sha512-LwcxzeliO9fkQcpJG0PoX8X5kmAhKmH9wkpDLxNabwzkQ9Zeib2YVHwFV4pcWmMLfXVfjr/dSV+DaJ3cIPgSNA==}

  vue-router@4.6.4:
    resolution: {integrity: sha512-Hz9q5sa33Yhduglwz6g9skT8OBPii+4bFn88w6J+J4MfEo4KRRpmiNG/hHHkdbRFlLBOqxN8y8gf2Fb0MTUgVg==}
    peerDependencies:
      vue: ^3.5.0

  vue-tsc@2.1.0:
    resolution: {integrity: sha512-N6kelLgHPLiDzkeWfsfrfR79POitZ59M/2HaRWk4BW0ED40FlyQaVhGUvjg8VRPPJWic1M974cRTGIBR6zfgwQ==}
    hasBin: true
    peerDependencies:
      typescript: '>=5.0.0'

  vue@3.5.41:
    resolution: {integrity: sha512-2laE0p+aK+/AOPG/XL/WepOs/GlK755LJ1XECi9kDUrz1FKNw8rb2Xzlw9JS1rqEV55nb0ttsKxVlTCcd+R5cg==}
    peerDependencies:
      typescript: '*'
    peerDependenciesMeta:
      typescript:
        optional: true

  why-is-node-running@2.3.0:
    resolution: {integrity: sha512-hUrmaWBdVDcxvYqnyh09zunKzROWjbZTiNy8dBEjkS7ehEDQibXJ7XvlmtbwuTclUiIyN+CyXQD4Vmko8fNm8w==}
    engines: {node: '>=8'}
    hasBin: true

snapshots:

  '@babel/helper-string-parser@7.29.7': {}

  '@babel/helper-validator-identifier@7.29.7': {}

  '@babel/parser@7.29.8':
    dependencies:
      '@babel/types': 7.29.8

  '@babel/types@7.29.8':
    dependencies:
      '@babel/helper-string-parser': 7.29.7
      '@babel/helper-validator-identifier': 7.29.7

  '@ctrl/tinycolor@4.2.0': {}

  '@element-plus/icons-vue@2.3.2(vue@3.5.41(typescript@5.6.2))':
    dependencies:
      vue: 3.5.41(typescript@5.6.2)

  '@esbuild/aix-ppc64@0.21.3':
    optional: true

  '@esbuild/android-arm64@0.21.3':
    optional: true

  '@esbuild/android-arm@0.21.3':
    optional: true

  '@esbuild/android-x64@0.21.3':
    optional: true

  '@esbuild/darwin-arm64@0.21.3':
    optional: true

  '@esbuild/darwin-x64@0.21.3':
    optional: true

  '@esbuild/freebsd-arm64@0.21.3':
    optional: true

  '@esbuild/freebsd-x64@0.21.3':
    optional: true

  '@esbuild/linux-arm64@0.21.3':
    optional: true

  '@esbuild/linux-arm@0.21.3':
    optional: true

  '@esbuild/linux-ia32@0.21.3':
    optional: true

  '@esbuild/linux-loong64@0.21.3':
    optional: true

  '@esbuild/linux-mips64el@0.21.3':
    optional: true

  '@esbuild/linux-ppc64@0.21.3':
    optional: true

  '@esbuild/linux-riscv64@0.21.3':
    optional: true

  '@esbuild/linux-s390x@0.21.3':
    optional: true

  '@esbuild/linux-x64@0.21.3':
    optional: true

  '@esbuild/netbsd-x64@0.21.3':
    optional: true

  '@esbuild/openbsd-x64@0.21.3':
    optional: true

  '@esbuild/sunos-x64@0.21.3':
    optional: true

  '@esbuild/win32-arm64@0.21.3':
    optional: true

  '@esbuild/win32-ia32@0.21.3':
    optional: true

  '@esbuild/win32-x64@0.21.3':
    optional: true

  '@floating-ui/core@1.8.0':
    dependencies:
      '@floating-ui/utils': 0.2.12

  '@floating-ui/dom@1.8.0':
    dependencies:
      '@floating-ui/core': 1.8.0
      '@floating-ui/utils': 0.2.12

  '@floating-ui/utils@0.2.12': {}

  '@jridgewell/sourcemap-codec@1.5.0': {}

  '@jridgewell/sourcemap-codec@1.5.5': {}

  '@napi-rs/lzma-linux-x64-gnu@1.5.1':
    optional: true

  '@rollup/rollup-android-arm-eabi@4.63.0':
    optional: true

  '@rollup/rollup-android-arm64@4.63.0':
    optional: true

  '@rollup/rollup-darwin-arm64@4.63.0':
    optional: true

  '@rollup/rollup-darwin-x64@4.63.0':
    optional: true

  '@rollup/rollup-freebsd-arm64@4.63.0':
    optional: true

  '@rollup/rollup-freebsd-x64@4.63.0':
    optional: true

  '@rollup/rollup-linux-arm-gnueabihf@4.63.0':
    optional: true

  '@rollup/rollup-linux-arm-musleabihf@4.63.0':
    optional: true

  '@rollup/rollup-linux-arm64-gnu@4.63.0':
    optional: true

  '@rollup/rollup-linux-arm64-musl@4.63.0':
    optional: true

  '@rollup/rollup-linux-loong64-gnu@4.63.0':
    optional: true

  '@rollup/rollup-linux-loong64-musl@4.63.0':
    optional: true

  '@rollup/rollup-linux-ppc64-gnu@4.63.0':
    optional: true

  '@rollup/rollup-linux-ppc64-musl@4.63.0':
    optional: true

  '@rollup/rollup-linux-riscv64-gnu@4.63.0':
    optional: true

  '@rollup/rollup-linux-riscv64-musl@4.63.0':
    optional: true

  '@rollup/rollup-linux-s390x-gnu@4.63.0':
    optional: true

  '@rollup/rollup-linux-x64-gnu@4.63.0':
    optional: true

  '@rollup/rollup-linux-x64-musl@4.63.0':
    optional: true

  '@rollup/rollup-openbsd-x64@4.63.0':
    optional: true

  '@rollup/rollup-openharmony-arm64@4.63.0':
    optional: true

  '@rollup/rollup-win32-arm64-msvc@4.63.0':
    optional: true

  '@rollup/rollup-win32-ia32-msvc@4.63.0':
    optional: true

  '@rollup/rollup-win32-x64-gnu@4.63.0':
    optional: true

  '@rollup/rollup-win32-x64-msvc@4.63.0':
    optional: true

  '@sxzz/popperjs-es@2.11.8': {}

  '@types/estree@1.0.9': {}

  '@types/lodash-es@4.17.12':
    dependencies:
      '@types/lodash': 4.17.25

  '@types/lodash@4.17.25': {}

  '@types/web-bluetooth@0.0.21': {}

  '@vitejs/plugin-vue@5.1.0(vite@5.4.0)(vue@3.5.41(typescript@5.6.2))':
    dependencies:
      vite: 5.4.0
      vue: 3.5.41(typescript@5.6.2)

  '@vitest/expect@2.1.0':
    dependencies:
      '@vitest/spy': 2.1.0
      '@vitest/utils': 2.1.0
      chai: 5.1.1
      tinyrainbow: 1.2.0

  '@vitest/mocker@2.1.0(@vitest/spy@2.1.0)(vite@5.4.0)':
    dependencies:
      '@vitest/spy': 2.1.0
      estree-walker: 3.0.3
      magic-string: 0.30.11
    optionalDependencies:
      vite: 5.4.0

  '@vitest/pretty-format@2.1.0':
    dependencies:
      tinyrainbow: 1.2.0

  '@vitest/runner@2.1.0':
    dependencies:
      '@vitest/utils': 2.1.0
      pathe: 1.1.2

  '@vitest/snapshot@2.1.0':
    dependencies:
      '@vitest/pretty-format': 2.1.0
      magic-string: 0.30.11
      pathe: 1.1.2

  '@vitest/spy@2.1.0':
    dependencies:
      tinyspy: 3.0.2

  '@vitest/utils@2.1.0':
    dependencies:
      '@vitest/pretty-format': 2.1.0
      loupe: 3.2.1
      tinyrainbow: 1.2.0

  '@volar/language-core@2.4.28':
    dependencies:
      '@volar/source-map': 2.4.28

  '@volar/source-map@2.4.28': {}

  '@volar/typescript@2.4.28':
    dependencies:
      '@volar/language-core': 2.4.28
      path-browserify: 1.0.1
      vscode-uri: 3.2.0

  '@vue/compiler-core@3.5.41':
    dependencies:
      '@babel/parser': 7.29.8
      '@vue/shared': 3.5.41
      entities: 7.0.1
      estree-walker: 2.0.2
      source-map-js: 1.2.1

  '@vue/compiler-dom@3.5.41':
    dependencies:
      '@vue/compiler-core': 3.5.41
      '@vue/shared': 3.5.41

  '@vue/compiler-sfc@3.5.41':
    dependencies:
      '@babel/parser': 7.29.8
      '@vue/compiler-core': 3.5.41
      '@vue/compiler-dom': 3.5.41
      '@vue/compiler-ssr': 3.5.41
      '@vue/shared': 3.5.41
      estree-walker: 2.0.2
      magic-string: 0.30.21
      postcss: 8.5.26
      source-map-js: 1.2.1

  '@vue/compiler-ssr@3.5.41':
    dependencies:
      '@vue/compiler-dom': 3.5.41
      '@vue/shared': 3.5.41

  '@vue/compiler-vue2@2.7.16':
    dependencies:
      de-indent: 1.0.2
      he: 1.2.0

  '@vue/devtools-api@6.6.4': {}

  '@vue/language-core@2.1.0(typescript@5.6.2)':
    dependencies:
      '@volar/language-core': 2.4.28
      '@vue/compiler-dom': 3.5.41
      '@vue/compiler-vue2': 2.7.16
      '@vue/shared': 3.5.41
      computeds: 0.0.1
      minimatch: 9.0.9
      muggle-string: 0.4.1
      path-browserify: 1.0.1
    optionalDependencies:
      typescript: 5.6.2

  '@vue/reactivity@3.5.41':
    dependencies:
      '@vue/shared': 3.5.41

  '@vue/runtime-core@3.5.41':
    dependencies:
      '@vue/reactivity': 3.5.41
      '@vue/shared': 3.5.41

  '@vue/runtime-dom@3.5.41':
    dependencies:
      '@vue/reactivity': 3.5.41
      '@vue/runtime-core': 3.5.41
      '@vue/shared': 3.5.41
      csstype: 3.2.3

  '@vue/server-renderer@3.5.41':
    dependencies:
      '@vue/compiler-ssr': 3.5.41
      '@vue/runtime-dom': 3.5.41
      '@vue/shared': 3.5.41

  '@vue/shared@3.5.41': {}

  '@vueuse/core@14.4.0(vue@3.5.41(typescript@5.6.2))':
    dependencies:
      '@types/web-bluetooth': 0.0.21
      '@vueuse/metadata': 14.4.0
      '@vueuse/shared': 14.4.0(vue@3.5.41(typescript@5.6.2))
      vue: 3.5.41(typescript@5.6.2)

  '@vueuse/metadata@14.4.0': {}

  '@vueuse/shared@14.4.0(vue@3.5.41(typescript@5.6.2))':
    dependencies:
      vue: 3.5.41(typescript@5.6.2)

  assertion-error@2.0.1: {}

  async-validator@4.2.5: {}

  balanced-match@1.0.0: {}

  brace-expansion@2.1.4:
    dependencies:
      balanced-match: 1.0.0

  cac@6.7.14: {}

  chai@5.1.1:
    dependencies:
      assertion-error: 2.0.1
      check-error: 2.1.3
      deep-eql: 5.0.2
      loupe: 3.2.1
      pathval: 2.0.1

  check-error@2.1.3: {}

  computeds@0.0.1: {}

  csstype@3.2.3: {}

  dayjs@1.11.23: {}

  de-indent@1.0.2: {}

  debug@4.4.3:
    dependencies:
      ms: 2.1.3

  deep-eql@5.0.2: {}

  element-plus@2.14.5(vue@3.5.41(typescript@5.6.2)):
    dependencies:
      '@ctrl/tinycolor': 4.2.0
      '@element-plus/icons-vue': 2.3.2(vue@3.5.41(typescript@5.6.2))
      '@floating-ui/dom': 1.8.0
      '@popperjs/core': '@sxzz/popperjs-es@2.11.8'
      '@types/lodash': 4.17.25
      '@types/lodash-es': 4.17.12
      '@vueuse/core': 14.4.0(vue@3.5.41(typescript@5.6.2))
      async-validator: 4.2.5
      dayjs: 1.11.23
      lodash: 4.18.1
      lodash-es: 4.18.1
      lodash-unified: 1.0.3(@types/lodash-es@4.17.12)(lodash-es@4.18.1)(lodash@4.18.1)
      memoize-one: 6.0.0
      normalize-wheel-es: 1.2.0
      vue: 3.5.41(typescript@5.6.2)
      vue-component-type-helpers: 3.3.11

  entities@7.0.1: {}

  esbuild@0.21.3:
    optionalDependencies:
      '@esbuild/aix-ppc64': 0.21.3
      '@esbuild/android-arm': 0.21.3
      '@esbuild/android-arm64': 0.21.3
      '@esbuild/android-x64': 0.21.3
      '@esbuild/darwin-arm64': 0.21.3
      '@esbuild/darwin-x64': 0.21.3
      '@esbuild/freebsd-arm64': 0.21.3
      '@esbuild/freebsd-x64': 0.21.3
      '@esbuild/linux-arm': 0.21.3
      '@esbuild/linux-arm64': 0.21.3
      '@esbuild/linux-ia32': 0.21.3
      '@esbuild/linux-loong64': 0.21.3
      '@esbuild/linux-mips64el': 0.21.3
      '@esbuild/linux-ppc64': 0.21.3
      '@esbuild/linux-riscv64': 0.21.3
      '@esbuild/linux-s390x': 0.21.3
      '@esbuild/linux-x64': 0.21.3
      '@esbuild/netbsd-x64': 0.21.3
      '@esbuild/openbsd-x64': 0.21.3
      '@esbuild/sunos-x64': 0.21.3
      '@esbuild/win32-arm64': 0.21.3
      '@esbuild/win32-ia32': 0.21.3
      '@esbuild/win32-x64': 0.21.3

  estree-walker@2.0.2: {}

  estree-walker@3.0.3:
    dependencies:
      '@types/estree': 1.0.9

  fsevents@2.3.3:
    optional: true

  he@1.2.0: {}

  lodash-es@4.18.1: {}

  lodash-unified@1.0.3(@types/lodash-es@4.17.12)(lodash-es@4.18.1)(lodash@4.18.1):
    dependencies:
      '@types/lodash-es': 4.17.12
      lodash: 4.18.1
      lodash-es: 4.18.1

  lodash@4.18.1: {}

  loupe@3.2.1: {}

  magic-string@0.30.11:
    dependencies:
      '@jridgewell/sourcemap-codec': 1.5.0

  magic-string@0.30.21:
    dependencies:
      '@jridgewell/sourcemap-codec': 1.5.5

  memoize-one@6.0.0: {}

  minimatch@9.0.9:
    dependencies:
      brace-expansion: 2.1.4

  ms@2.1.3: {}

  muggle-string@0.4.1: {}

  nanoid@3.3.18: {}

  normalize-wheel-es@1.2.0: {}

  path-browserify@1.0.1: {}

  pathe@1.1.2: {}

  pathval@2.0.1: {}

  picocolors@1.1.1: {}

  postcss@8.5.26:
    dependencies:
      nanoid: 3.3.18
      picocolors: 1.1.1
      source-map-js: 1.2.1

  rollup@4.63.0:
    dependencies:
      '@types/estree': 1.0.9
    optionalDependencies:
      '@napi-rs/lzma-linux-x64-gnu': 1.5.1
      '@rollup/rollup-android-arm-eabi': 4.63.0
      '@rollup/rollup-android-arm64': 4.63.0
      '@rollup/rollup-darwin-arm64': 4.63.0
      '@rollup/rollup-darwin-x64': 4.63.0
      '@rollup/rollup-freebsd-arm64': 4.63.0
      '@rollup/rollup-freebsd-x64': 4.63.0
      '@rollup/rollup-linux-arm-gnueabihf': 4.63.0
      '@rollup/rollup-linux-arm-musleabihf': 4.63.0
      '@rollup/rollup-linux-arm64-gnu': 4.63.0
      '@rollup/rollup-linux-arm64-musl': 4.63.0
      '@rollup/rollup-linux-loong64-gnu': 4.63.0
      '@rollup/rollup-linux-loong64-musl': 4.63.0
      '@rollup/rollup-linux-ppc64-gnu': 4.63.0
      '@rollup/rollup-linux-ppc64-musl': 4.63.0
      '@rollup/rollup-linux-riscv64-gnu': 4.63.0
      '@rollup/rollup-linux-riscv64-musl': 4.63.0
      '@rollup/rollup-linux-s390x-gnu': 4.63.0
      '@rollup/rollup-linux-x64-gnu': 4.63.0
      '@rollup/rollup-linux-x64-musl': 4.63.0
      '@rollup/rollup-openbsd-x64': 4.63.0
      '@rollup/rollup-openharmony-arm64': 4.63.0
      '@rollup/rollup-win32-arm64-msvc': 4.63.0
      '@rollup/rollup-win32-ia32-msvc': 4.63.0
      '@rollup/rollup-win32-x64-gnu': 4.63.0
      '@rollup/rollup-win32-x64-msvc': 4.63.0
      fsevents: 2.3.3

  semver@7.8.5: {}

  siginfo@2.0.0: {}

  source-map-js@1.2.1: {}

  stackback@0.0.2: {}

  std-env@3.7.0: {}

  tinybench@2.9.0: {}

  tinyexec@0.3.0: {}

  tinypool@1.0.0: {}

  tinyrainbow@1.2.0: {}

  tinyspy@3.0.2: {}

  typescript@5.6.2: {}

  vite-node@2.1.0:
    dependencies:
      cac: 6.7.14
      debug: 4.4.3
      pathe: 1.1.2
      vite: 5.4.0
    transitivePeerDependencies:
      - '@types/node'
      - less
      - lightningcss
      - sass
      - sass-embedded
      - stylus
      - sugarss
      - supports-color
      - terser

  vite@5.4.0:
    dependencies:
      esbuild: 0.21.3
      postcss: 8.5.26
      rollup: 4.63.0
    optionalDependencies:
      fsevents: 2.3.3

  vitest@2.1.0:
    dependencies:
      '@vitest/expect': 2.1.0
      '@vitest/mocker': 2.1.0(@vitest/spy@2.1.0)(vite@5.4.0)
      '@vitest/pretty-format': 2.1.0
      '@vitest/runner': 2.1.0
      '@vitest/snapshot': 2.1.0
      '@vitest/spy': 2.1.0
      '@vitest/utils': 2.1.0
      chai: 5.1.1
      debug: 4.4.3
      magic-string: 0.30.11
      pathe: 1.1.2
      std-env: 3.7.0
      tinybench: 2.9.0
      tinyexec: 0.3.0
      tinypool: 1.0.0
      tinyrainbow: 1.2.0
      vite: 5.4.0
      vite-node: 2.1.0
      why-is-node-running: 2.3.0
    transitivePeerDependencies:
      - less
      - lightningcss
      - msw
      - sass
      - sass-embedded
      - stylus
      - sugarss
      - supports-color
      - terser

  vscode-uri@3.2.0: {}

  vue-component-type-helpers@3.3.11: {}

  vue-router@4.6.4(vue@3.5.41(typescript@5.6.2)):
    dependencies:
      '@vue/devtools-api': 6.6.4
      vue: 3.5.41(typescript@5.6.2)

  vue-tsc@2.1.0(typescript@5.6.2):
    dependencies:
      '@volar/typescript': 2.4.28
      '@vue/language-core': 2.1.0(typescript@5.6.2)
      semver: 7.8.5
      typescript: 5.6.2

  vue@3.5.41(typescript@5.6.2):
    dependencies:
      '@vue/compiler-dom': 3.5.41
      '@vue/compiler-sfc': 3.5.41
      '@vue/runtime-dom': 3.5.41
      '@vue/server-renderer': 3.5.41
      '@vue/shared': 3.5.41
    optionalDependencies:
      typescript: 5.6.2

  why-is-node-running@2.3.0:
    dependencies:
      siginfo: 2.0.0
      stackback: 0.0.2
